
Microsoft Visual Studio Solution File, Format Version 12.00
# Visual Studio Version 16
VisualStudioVersion = 16.0.30104.148
MinimumVisualStudioVersion = 10.0.40219.1
Project("{FAE04EC0-301F-11D3-BF4B-00C04F79EFBC}") = "MVC_AppleLaLa", "MVC_AppleLaLa\MVC_AppleLaLa.csproj", "{E2AD0EE8-706B-488C-B3CB-0D90FF613749}"
EndProject
Project("{FAE04EC0-301F-11D3-BF4B-00C04F79EFBC}") = "MVC_AppleLaLa.Tests", "MVC_AppleLaLa.Tests\MVC_AppleLaLa.Tests.csproj", "{1B5BEF06-7578-4F0C-A040-FBDAD567640C}"
EndProject
Project("{FAE04EC0-301F-11D3-BF4B-00C04F79EFBC}") = "MVCDataLibrary", "MVCDataLibrary\MVCDataLibrary.csproj", "{4010970E-0B61-438E-9949-A0C905E2D045}"
EndProject
Project("{FAE04EC0-301F-11D3-BF4B-00C04F79EFBC}") = "MVC_AppleLaLa_Admin", "MVC_AppleLaLa_Admin\MVC_AppleLaLa_Admin.csproj", "{9D1B5FAD-1463-49A0-BBEB-1B37522E0987}"
EndProject
Global
	GlobalSection(SolutionConfigurationPlatforms) = preSolution
		Debug|Any CPU = Debug|Any CPU
		Release|Any CPU = Release|Any CPU
	EndGlobalSection
	GlobalSection(ProjectConfigurationPlatforms) = postSolution
		{E2AD0EE8-706B-488C-B3CB-0D90FF613749}.Debug|Any CPU.ActiveCfg = Debug|Any CPU
		{E2AD0EE8-706B-488C-B3CB-0D90FF613749}.Debug|Any CPU.Build.0 = Debug|Any CPU
		{E2AD0EE8-706B-488C-B3CB-0D90FF613749}.Release|Any CPU.ActiveCfg = Release|Any CPU
		{E2AD0EE8-706B-488C-B3CB-0D90FF613749}.Release|Any CPU.Build.0 = Release|Any CPU
		{1B5BEF06-7578-4F0C-A040-FBDAD567640C}.Debug|Any CPU.ActiveCfg = Debug|Any CPU
		{1B5BEF06-7578-4F0C-A040-FBDAD567640C}.Debug|Any CPU.Build.0 = Debug|Any CPU
		{1B5BEF06-7578-4F0C-A040-FBDAD567640C}.Release|Any CPU.ActiveCfg = Release|Any CPU
		{1B5BEF06-7578-4F0C-A040-FBDAD567640C}.Release|Any CPU.Build.0 = Release|Any CPU
		{4010970E-0B61-438E-9949-A0C905E2D045}.Debug|Any CPU.ActiveCfg = Debug|Any CPU
		{4010970E-0B61-438E-9949-A0C905E2D045}.Debug|Any CPU.Build.0 = Debug|Any CPU
		{4010970E-0B61-438E-9949-A0C905E2D045}.Release|Any CPU.ActiveCfg = Release|Any CPU
		{4010970E-0B61-438E-9949-A0C905E2D045}.Release|Any CPU.Build.0 = Release|Any CPU
		{9D1B5FAD-1463-49A0-BBEB-1B37522E0987}.Debug|Any CPU.ActiveCfg = Debug|Any CPU
		{9D1B5FAD-1463-49A0-BBEB-1B37522E0987}.Debug|Any CPU.Build.0 = Debug|Any CPU
		{9D1B5FAD-1463-49A0-BBEB-1B37522E0987}.Release|Any CPU.ActiveCfg = Release|Any CPU
		{9D1B5FAD-1463-49A0-BBEB-1B37522E0987}.Release|Any CPU.Build.0 = Release|Any CPU
	EndGlobalSection
	GlobalSection(SolutionProperties) = preSolution
		HideSolutionNode = FALSE
	EndGlobalSection
	GlobalSection(ExtensibilityGlobals) = postSolution
		SolutionGuid = {1AB9C24B-4907-4373-BE67-80B5E8595773}
	EndGlobalSection
EndGlobal
